
Microsoft Visual Studio Solution File, Format Version 12.00
# Visual Studio Version 17
VisualStudioVersion = 17.7.34202.233
MinimumVisualStudioVersion = 10.0.40219.1
Project("{8BC9CEB8-8B4A-11D0-8D11-00A0C91BC942}") = "mathFunction", "mathFunction\mathFunction.vcxproj", "{0E3C31FA-B1FA-48AF-8047-2E857606B520}"
EndProject
Project("{8BC9CEB8-8B4A-11D0-8D11-00A0C91BC942}") = "test", "test\test.vcxproj", "{5CBB8529-DF6F-4608-9539-821BA66E9449}"
EndProject
Global
	GlobalSection(SolutionConfigurationPlatforms) = preSolution
		Debug|x64 = Debug|x64
		Debug|x86 = Debug|x86
		Release|x64 = Release|x64
		Release|x86 = Release|x86
	EndGlobalSection
	GlobalSection(ProjectConfigurationPlatforms) = postSolution
		{0E3C31FA-B1FA-48AF-8047-2E857606B520}.Debug|x64.ActiveCfg = Debug|x64
		{0E3C31FA-B1FA-48AF-8047-2E857606B520}.Debug|x64.Build.0 = Debug|x64
		{0E3C31FA-B1FA-48AF-8047-2E857606B520}.Debug|x86.ActiveCfg = Debug|Win32
		{0E3C31FA-B1FA-48AF-8047-2E857606B520}.Debug|x86.Build.0 = Debug|Win32
		{0E3C31FA-B1FA-48AF-8047-2E857606B520}.Release|x64.ActiveCfg = Release|x64
		{0E3C31FA-B1FA-48AF-8047-2E857606B520}.Release|x64.Build.0 = Release|x64
		{0E3C31FA-B1FA-48AF-8047-2E857606B520}.Release|x86.ActiveCfg = Release|Win32
		{0E3C31FA-B1FA-48AF-8047-2E857606B520}.Release|x86.Build.0 = Release|Win32
		{5CBB8529-DF6F-4608-9539-821BA66E9449}.Debug|x64.ActiveCfg = Debug|x64
		{5CBB8529-DF6F-4608-9539-821BA66E9449}.Debug|x64.Build.0 = Debug|x64
		{5CBB8529-DF6F-4608-9539-821BA66E9449}.Debug|x86.ActiveCfg = Debug|Win32
		{5CBB8529-DF6F-4608-9539-821BA66E9449}.Debug|x86.Build.0 = Debug|Win32
		{5CBB8529-DF6F-4608-9539-821BA66E9449}.Release|x64.ActiveCfg = Release|x64
		{5CBB8529-DF6F-4608-9539-821BA66E9449}.Release|x64.Build.0 = Release|x64
		{5CBB8529-DF6F-4608-9539-821BA66E9449}.Release|x86.ActiveCfg = Release|Win32
		{5CBB8529-DF6F-4608-9539-821BA66E9449}.Release|x86.Build.0 = Release|Win32
	EndGlobalSection
	GlobalSection(SolutionProperties) = preSolution
		HideSolutionNode = FALSE
	EndGlobalSection
	GlobalSection(ExtensibilityGlobals) = postSolution
		SolutionGuid = {2EF595BF-5D47-4D4D-8B07-ED1B203EA1E5}
	EndGlobalSection
EndGlobal
